PODS:
  - Flutter (1.0.0)
  - pdfx (1.0.0):
    - Flutter

DEPENDENCIES:
  - Flutter (from `Flutter`)
  - pdfx (from `.symlinks/plugins/pdfx/ios`)

EXTERNAL SOURCES:
  Flutter:
    :path: Flutter
  pdfx:
    :path: ".symlinks/plugins/pdfx/ios"

SPEC CHECKSUMS:
  Flutter: cabc95a1d2626b1b06e7179b784ebcf0c0cde467
  pdfx: 7b876b09de8b7a0bf444a4f82b439ffcff4ee1ec

PODFILE CHECKSUM: 3c63482e143d1b91d2d2560aee9fb04ecc74ac7e

COCOAPODS: 1.15.2
